# This file was autogenerated by Stack.
# You should not edit this file by hand.
# For more information, please see the documentation at:
#   https://docs.haskellstack.org/en/stable/topics/lock_files

packages:
- completed:
    hackage: catalyst-0.0.0.1@sha256:a313d125b4f322a47439914f472dc2f07ec47ef02efa5a6154fb97dfad2fcd33,1548
    pantry-tree:
      sha256: 91ecf4f6ab3eb3e02a81ae77d735ed2983b063d37e4b2cd0a067c2c97f839342
      size: 681
  original:
    hackage: catalyst-0.0.0.1
snapshots:
- completed:
    sha256: 1191e70bcd219fb660a5bf5d43a0fb235ef12a891994fd02d02643f61d6755ed
    size: 684285
    url: https://raw.githubusercontent.com/commercialhaskell/stackage-snapshots/master/lts/23/26.yaml
  original: lts-23.26
